
Microsoft Visual Studio Solution File, Format Version 12.00
#
Project("{2150E333-8FDC-42A3-9474-1A3956D46DE8}") = "src", "src", "{9AB372CE-FE10-46B8-8A7B-E50EC242F57A}"
EndProject
Project("{2150E333-8FDC-42A3-9474-1A3956D46DE8}") = "test", "test", "{4ED2B8FC-CBCC-46DB-A436-82800A0A80E1}"
EndProject
Project("{2150E333-8FDC-42A3-9474-1A3956D46DE8}") = ".pipeline", ".pipeline", "{C272BB0F-9B37-4476-8410-055CAA68E1B6}"
	ProjectSection(SolutionItems) = preProject
		bitbucket-pipelines.yml = bitbucket-pipelines.yml
	EndProjectSection
EndProject
Project("{FAE04EC0-301F-11D3-BF4B-00C04F79EFBC}") = "Polestar.TB.Payments.Infrastructure", "src\Polestar.TB.Payments.Infrastructure\Polestar.TB.Payments.Infrastructure.csproj", "{74564DE6-1380-4D6F-8B24-344CFBB9D65C}"
EndProject
Project("{FAE04EC0-301F-11D3-BF4B-00C04F79EFBC}") = "Polestar.TB.Payments.Lambda", "src\Polestar.TB.Payments.Lambda\Polestar.TB.Payments.Lambda.csproj", "{A9F940D3-D3A0-406E-B1DD-48AA1D3410FF}"
EndProject
Project("{FAE04EC0-301F-11D3-BF4B-00C04F79EFBC}") = "Polestar.TB.Payments.Tests", "test\Polestar.TB.Payments.Tests\Polestar.TB.Payments.Tests.csproj", "{C4B21D46-9CB7-4E6E-9726-DC1D3E096B89}"
EndProject
Project("{FAE04EC0-301F-11D3-BF4B-00C04F79EFBC}") = "Polestar.TB.Payments.Application", "src\Polestar.TB.Payments.Application\Polestar.TB.Payments.Application.csproj", "{B4F54612-D0D9-4EE8-850B-0369CCA59D7C}"
EndProject
Project("{FAE04EC0-301F-11D3-BF4B-00C04F79EFBC}") = "Polestar.TB.Payments.Domain", "src\Polestar.TB.Payments.Domain\Polestar.TB.Payments.Domain.csproj", "{834DA41E-39A4-4ED3-A590-AB38B26952EB}"
EndProject
Global
	GlobalSection(SolutionConfigurationPlatforms) = preSolution
		Debug|Any CPU = Debug|Any CPU
		Release|Any CPU = Release|Any CPU
	EndGlobalSection
	GlobalSection(NestedProjects) = preSolution
		{74564DE6-1380-4D6F-8B24-344CFBB9D65C} = {9AB372CE-FE10-46B8-8A7B-E50EC242F57A}
		{A9F940D3-D3A0-406E-B1DD-48AA1D3410FF} = {9AB372CE-FE10-46B8-8A7B-E50EC242F57A}
		{C4B21D46-9CB7-4E6E-9726-DC1D3E096B89} = {4ED2B8FC-CBCC-46DB-A436-82800A0A80E1}
		{B4F54612-D0D9-4EE8-850B-0369CCA59D7C} = {9AB372CE-FE10-46B8-8A7B-E50EC242F57A}
		{834DA41E-39A4-4ED3-A590-AB38B26952EB} = {9AB372CE-FE10-46B8-8A7B-E50EC242F57A}
	EndGlobalSection
	GlobalSection(ProjectConfigurationPlatforms) = postSolution
		{74564DE6-1380-4D6F-8B24-344CFBB9D65C}.Debug|Any CPU.ActiveCfg = Debug|Any CPU
		{74564DE6-1380-4D6F-8B24-344CFBB9D65C}.Debug|Any CPU.Build.0 = Debug|Any CPU
		{74564DE6-1380-4D6F-8B24-344CFBB9D65C}.Release|Any CPU.ActiveCfg = Release|Any CPU
		{74564DE6-1380-4D6F-8B24-344CFBB9D65C}.Release|Any CPU.Build.0 = Release|Any CPU
		{A9F940D3-D3A0-406E-B1DD-48AA1D3410FF}.Debug|Any CPU.ActiveCfg = Debug|Any CPU
		{A9F940D3-D3A0-406E-B1DD-48AA1D3410FF}.Debug|Any CPU.Build.0 = Debug|Any CPU
		{A9F940D3-D3A0-406E-B1DD-48AA1D3410FF}.Release|Any CPU.ActiveCfg = Release|Any CPU
		{A9F940D3-D3A0-406E-B1DD-48AA1D3410FF}.Release|Any CPU.Build.0 = Release|Any CPU
		{C4B21D46-9CB7-4E6E-9726-DC1D3E096B89}.Debug|Any CPU.ActiveCfg = Debug|Any CPU
		{C4B21D46-9CB7-4E6E-9726-DC1D3E096B89}.Debug|Any CPU.Build.0 = Debug|Any CPU
		{C4B21D46-9CB7-4E6E-9726-DC1D3E096B89}.Release|Any CPU.ActiveCfg = Release|Any CPU
		{C4B21D46-9CB7-4E6E-9726-DC1D3E096B89}.Release|Any CPU.Build.0 = Release|Any CPU
		{B4F54612-D0D9-4EE8-850B-0369CCA59D7C}.Debug|Any CPU.ActiveCfg = Debug|Any CPU
		{B4F54612-D0D9-4EE8-850B-0369CCA59D7C}.Debug|Any CPU.Build.0 = Debug|Any CPU
		{B4F54612-D0D9-4EE8-850B-0369CCA59D7C}.Release|Any CPU.ActiveCfg = Release|Any CPU
		{B4F54612-D0D9-4EE8-850B-0369CCA59D7C}.Release|Any CPU.Build.0 = Release|Any CPU
		{834DA41E-39A4-4ED3-A590-AB38B26952EB}.Debug|Any CPU.ActiveCfg = Debug|Any CPU
		{834DA41E-39A4-4ED3-A590-AB38B26952EB}.Debug|Any CPU.Build.0 = Debug|Any CPU
		{834DA41E-39A4-4ED3-A590-AB38B26952EB}.Release|Any CPU.ActiveCfg = Release|Any CPU
		{834DA41E-39A4-4ED3-A590-AB38B26952EB}.Release|Any CPU.Build.0 = Release|Any CPU
	EndGlobalSection
EndGlobal
